# This file is automatically @generated by Cargo.
# It is not intended for manual editing.
version = 3

[[package]]
name = "open-a8dj-core"
version = "0.1.0"

[[package]]
name = "open-a8dj-ffi"
version = "0.1.0"
dependencies = [
 "open-a8dj-core",
]

[[package]]
name = "open-a8dj-tools"
version = "0.1.0"
dependencies = [
 "open-a8dj-core",
]
