<?xml version="1.0" encoding="utf-8"?>
<Project ToolsVersion="4.0" xmlns="http://schemas.microsoft.com/developer/msbuild/2003">
  <ItemGroup>
    <Filter Include="Source Files">
      <UniqueIdentifier>{F3B479F7-0624-452B-BE0B-D2EEFB8A4599}</UniqueIdentifier>
      <Extensions>c;cpp;cxx</Extensions>
    </Filter>
    <Filter Include="Header Files">
      <UniqueIdentifier>{90CB7B52-0F57-479E-B97C-4D8DF3A4E5B0}</UniqueIdentifier>
      <Extensions>h;hpp;hxx</Extensions>
    </Filter>
    <Filter Include="Driver Package">
      <UniqueIdentifier>{B48318E0-C103-45F9-879F-CEDE6E25507C}</UniqueIdentifier>
      <Extensions>inf;inx;cat</Extensions>
    </Filter>
  </ItemGroup>
  <ItemGroup>
    <ClCompile Include="OpenA8DJUsb.c">
      <Filter>Source Files</Filter>
    </ClCompile>
  </ItemGroup>
  <ItemGroup>
    <ClInclude Include="OpenA8DJUsb.h">
      <Filter>Header Files</Filter>
    </ClInclude>
  </ItemGroup>
  <ItemGroup>
    <None Include="OpenA8DJUsb.inf">
      <Filter>Driver Package</Filter>
    </None>
  </ItemGroup>
</Project>

